
Microsoft Visual Studio Solution File, Format Version 12.00
# Visual Studio Version 16
VisualStudioVersion = 16.0.31729.503
MinimumVisualStudioVersion = 10.0.40219.1
Project("{8BC9CEB8-8B4A-11D0-8D11-00A0C91BC942}") = "G201210012 Yahya Haliloğlu", "G201210012 Yahya Haliloğlu\G201210012 Yahya Haliloğlu.vcxproj", "{398745A4-FAFE-420E-80F8-48BFDC423C93}"
EndProject
Global
	GlobalSection(SolutionConfigurationPlatforms) = preSolution
		Debug|x64 = Debug|x64
		Debug|x86 = Debug|x86
		Release|x64 = Release|x64
		Release|x86 = Release|x86
	EndGlobalSection
	GlobalSection(ProjectConfigurationPlatforms) = postSolution
		{398745A4-FAFE-420E-80F8-48BFDC423C93}.Debug|x64.ActiveCfg = Debug|x64
		{398745A4-FAFE-420E-80F8-48BFDC423C93}.Debug|x64.Build.0 = Debug|x64
		{398745A4-FAFE-420E-80F8-48BFDC423C93}.Debug|x86.ActiveCfg = Debug|Win32
		{398745A4-FAFE-420E-80F8-48BFDC423C93}.Debug|x86.Build.0 = Debug|Win32
		{398745A4-FAFE-420E-80F8-48BFDC423C93}.Release|x64.ActiveCfg = Release|x64
		{398745A4-FAFE-420E-80F8-48BFDC423C93}.Release|x64.Build.0 = Release|x64
		{398745A4-FAFE-420E-80F8-48BFDC423C93}.Release|x86.ActiveCfg = Release|Win32
		{398745A4-FAFE-420E-80F8-48BFDC423C93}.Release|x86.Build.0 = Release|Win32
	EndGlobalSection
	GlobalSection(SolutionProperties) = preSolution
		HideSolutionNode = FALSE
	EndGlobalSection
	GlobalSection(ExtensibilityGlobals) = postSolution
		SolutionGuid = {7F7B2E66-2325-4876-9DBB-68E607E0EE14}
	EndGlobalSection
EndGlobal
